
Microsoft Visual Studio Solution File, Format Version 12.00
Project("{FAE04EC0-301F-11D3-BF4B-00C04F79EFBC}") = "Api", "Api\Api.csproj", "{809DCFC8-985A-4622-B787-26D8587771B5}"
EndProject
Project("{FAE04EC0-301F-11D3-BF4B-00C04F79EFBC}") = "Test", "Test\Test.csproj", "{A5FDCF48-6418-48F0-9F5F-9822AEDCB67F}"
EndProject
Global
	GlobalSection(SolutionConfigurationPlatforms) = preSolution
		Debug|Any CPU = Debug|Any CPU
		Release|Any CPU = Release|Any CPU
	EndGlobalSection
	GlobalSection(ProjectConfigurationPlatforms) = postSolution
		{809DCFC8-985A-4622-B787-26D8587771B5}.Debug|Any CPU.ActiveCfg = Debug|Any CPU
		{809DCFC8-985A-4622-B787-26D8587771B5}.Debug|Any CPU.Build.0 = Debug|Any CPU
		{809DCFC8-985A-4622-B787-26D8587771B5}.Release|Any CPU.ActiveCfg = Release|Any CPU
		{809DCFC8-985A-4622-B787-26D8587771B5}.Release|Any CPU.Build.0 = Release|Any CPU
		{A5FDCF48-6418-48F0-9F5F-9822AEDCB67F}.Debug|Any CPU.ActiveCfg = Debug|Any CPU
		{A5FDCF48-6418-48F0-9F5F-9822AEDCB67F}.Debug|Any CPU.Build.0 = Debug|Any CPU
		{A5FDCF48-6418-48F0-9F5F-9822AEDCB67F}.Release|Any CPU.ActiveCfg = Release|Any CPU
		{A5FDCF48-6418-48F0-9F5F-9822AEDCB67F}.Release|Any CPU.Build.0 = Release|Any CPU
	EndGlobalSection
EndGlobal
